{
  "name": "StatusStrap",
  "version": "1.0.17",
  "lockfileVersion": 3,
  "requires": true,
  "packages": {
    "": {
      "name": "StatusStrap",
      "version": "1.0.16",
      "dependencies": {
        "electron-log": "^5.0.1",
        "electron-updater": "^6.6.2"
      },
      "devDependencies": {
        "electron": "^26.6.10",
        "electron-builder": "^24.13.3"
      }
    },
    "node_modules/electron-log": {
      "version": "5.0.1",
      "resolved": "https://registry.npmjs.org/electron-log/-/electron-log-5.0.1.tgz",
      "integrity": "sha512-kWW/2P02o0k2Q8qL6IZeygAB9CP5X8+8Z4q8/0wFmduMfqgvn+EOBpv5l0t7Fvj42DU+gf1MJgRrldQ2C1G3qQ=="
    },
    "node_modules/electron-updater": {
      "version": "6.6.2",
      "resolved": "https://registry.npmjs.org/electron-updater/-/electron-updater-6.6.2.tgz",
      "integrity": "sha512-69G/YsEF6Kce/tkmy8S7oYvL7lGd4/xfQjf/5u6U2hhvR+NJ0rseXqwe04k+uY7i8SV3hWWrJ1UK3q2h4unzfg==",
      "dependencies": {
        "fs-extra": "^11.1.0",
        "js-yaml": "^4.1.0",
        "lodash": "^4.17.21",
        "semver": "^7.6.3",
        "uuid": "^9.0.0"
      }
    }
  }
}
